
Microsoft Visual Studio Solution File, Format Version 12.00
# Visual Studio Version 16
VisualStudioVersion = 16.0.29609.76
MinimumVisualStudioVersion = 10.0.40219.1
Project("{FAE04EC0-301F-11D3-BF4B-00C04F79EFBC}") = "ClassLibraryNetCore", "ClassLibraryNetCore\ClassLibraryNetCore.csproj", "{6A21B2FE-9E7D-4FFA-8A63-411C5A2691DD}"
EndProject
Global
	GlobalSection(SolutionConfigurationPlatforms) = preSolution
		Debug|Any CPU = Debug|Any CPU
		Release|Any CPU = Release|Any CPU
	EndGlobalSection
	GlobalSection(ProjectConfigurationPlatforms) = postSolution
		{6A21B2FE-9E7D-4FFA-8A63-411C5A2691DD}.Debug|Any CPU.ActiveCfg = Debug|Any CPU
		{6A21B2FE-9E7D-4FFA-8A63-411C5A2691DD}.Debug|Any CPU.Build.0 = Debug|Any CPU
		{6A21B2FE-9E7D-4FFA-8A63-411C5A2691DD}.Release|Any CPU.ActiveCfg = Release|Any CPU
		{6A21B2FE-9E7D-4FFA-8A63-411C5A2691DD}.Release|Any CPU.Build.0 = Release|Any CPU
	EndGlobalSection
	GlobalSection(SolutionProperties) = preSolution
		HideSolutionNode = FALSE
	EndGlobalSection
	GlobalSection(ExtensibilityGlobals) = postSolution
		SolutionGuid = {991F4221-0819-4310-97CA-AD84111D26CF}
	EndGlobalSection
EndGlobal
