
Microsoft Visual Studio Solution File, Format Version 12.00
# Visual Studio Version 16
VisualStudioVersion = 16.0.29609.76
MinimumVisualStudioVersion = 10.0.40219.1
Project("{FAE04EC0-301F-11D3-BF4B-00C04F79EFBC}") = "WindowsFormsApp1", "WindowsFormsApp1\WindowsFormsApp1.csproj", "{20D52255-7EE0-4AE0-9886-E6513765B020}"
EndProject
Global
	GlobalSection(SolutionConfigurationPlatforms) = preSolution
		Debug|Any CPU = Debug|Any CPU
		Release|Any CPU = Release|Any CPU
	EndGlobalSection
	GlobalSection(ProjectConfigurationPlatforms) = postSolution
		{20D52255-7EE0-4AE0-9886-E6513765B020}.Debug|Any CPU.ActiveCfg = Debug|Any CPU
		{20D52255-7EE0-4AE0-9886-E6513765B020}.Debug|Any CPU.Build.0 = Debug|Any CPU
		{20D52255-7EE0-4AE0-9886-E6513765B020}.Release|Any CPU.ActiveCfg = Release|Any CPU
		{20D52255-7EE0-4AE0-9886-E6513765B020}.Release|Any CPU.Build.0 = Release|Any CPU
	EndGlobalSection
	GlobalSection(SolutionProperties) = preSolution
		HideSolutionNode = FALSE
	EndGlobalSection
	GlobalSection(ExtensibilityGlobals) = postSolution
		SolutionGuid = {EB71B30C-8B6C-4C02-8A95-1F813CA988F2}
	EndGlobalSection
EndGlobal
